
Microsoft Visual Studio Solution File, Format Version 12.00
# Visual Studio 15
VisualStudioVersion = 15.0.26730.3
MinimumVisualStudioVersion = 10.0.40219.1
Project("{9A19103F-16F7-4668-BE54-9A1E7A4F7556}") = "WebApi", "WebApi\WebApi.csproj", "{A9E23CCE-A312-424A-A7A3-3B0ABD871F92}"
EndProject
Project("{9A19103F-16F7-4668-BE54-9A1E7A4F7556}") = "ViewModel", "ViewModel\ViewModel.csproj", "{DDDCB972-E4C9-401F-9699-A97F5692F580}"
EndProject
Project("{9A19103F-16F7-4668-BE54-9A1E7A4F7556}") = "Model", "Model\Model.csproj", "{63FF5093-D118-4169-A4DF-075C6430DB67}"
EndProject
Project("{9A19103F-16F7-4668-BE54-9A1E7A4F7556}") = "Utility", "Utility\Utility.csproj", "{7D4650F0-3E23-4085-BF8E-37756A655D2D}"
EndProject
Project("{9A19103F-16F7-4668-BE54-9A1E7A4F7556}") = "BlogWeb", "BlogWeb\BlogWeb.csproj", "{50242DB9-F21D-4B3B-834E-2D80F19985E2}"
EndProject
Project("{9A19103F-16F7-4668-BE54-9A1E7A4F7556}") = "AdminViews", "AdminViews\AdminViews.csproj", "{BA1FFB6A-A747-47A7-B49A-0C8FB0EEF462}"
EndProject
Global
	GlobalSection(SolutionConfigurationPlatforms) = preSolution
		Debug|Any CPU = Debug|Any CPU
		Release|Any CPU = Release|Any CPU
	EndGlobalSection
	GlobalSection(ProjectConfigurationPlatforms) = postSolution
		{A9E23CCE-A312-424A-A7A3-3B0ABD871F92}.Debug|Any CPU.ActiveCfg = Debug|Any CPU
		{A9E23CCE-A312-424A-A7A3-3B0ABD871F92}.Debug|Any CPU.Build.0 = Debug|Any CPU
		{A9E23CCE-A312-424A-A7A3-3B0ABD871F92}.Release|Any CPU.ActiveCfg = Release|Any CPU
		{A9E23CCE-A312-424A-A7A3-3B0ABD871F92}.Release|Any CPU.Build.0 = Release|Any CPU
		{DDDCB972-E4C9-401F-9699-A97F5692F580}.Debug|Any CPU.ActiveCfg = Debug|Any CPU
		{DDDCB972-E4C9-401F-9699-A97F5692F580}.Debug|Any CPU.Build.0 = Debug|Any CPU
		{DDDCB972-E4C9-401F-9699-A97F5692F580}.Release|Any CPU.ActiveCfg = Release|Any CPU
		{DDDCB972-E4C9-401F-9699-A97F5692F580}.Release|Any CPU.Build.0 = Release|Any CPU
		{63FF5093-D118-4169-A4DF-075C6430DB67}.Debug|Any CPU.ActiveCfg = Debug|Any CPU
		{63FF5093-D118-4169-A4DF-075C6430DB67}.Debug|Any CPU.Build.0 = Debug|Any CPU
		{63FF5093-D118-4169-A4DF-075C6430DB67}.Release|Any CPU.ActiveCfg = Release|Any CPU
		{63FF5093-D118-4169-A4DF-075C6430DB67}.Release|Any CPU.Build.0 = Release|Any CPU
		{7D4650F0-3E23-4085-BF8E-37756A655D2D}.Debug|Any CPU.ActiveCfg = Debug|Any CPU
		{7D4650F0-3E23-4085-BF8E-37756A655D2D}.Debug|Any CPU.Build.0 = Debug|Any CPU
		{7D4650F0-3E23-4085-BF8E-37756A655D2D}.Release|Any CPU.ActiveCfg = Release|Any CPU
		{7D4650F0-3E23-4085-BF8E-37756A655D2D}.Release|Any CPU.Build.0 = Release|Any CPU
		{50242DB9-F21D-4B3B-834E-2D80F19985E2}.Debug|Any CPU.ActiveCfg = Debug|Any CPU
		{50242DB9-F21D-4B3B-834E-2D80F19985E2}.Debug|Any CPU.Build.0 = Debug|Any CPU
		{50242DB9-F21D-4B3B-834E-2D80F19985E2}.Release|Any CPU.ActiveCfg = Release|Any CPU
		{50242DB9-F21D-4B3B-834E-2D80F19985E2}.Release|Any CPU.Build.0 = Release|Any CPU
		{BA1FFB6A-A747-47A7-B49A-0C8FB0EEF462}.Debug|Any CPU.ActiveCfg = Debug|Any CPU
		{BA1FFB6A-A747-47A7-B49A-0C8FB0EEF462}.Debug|Any CPU.Build.0 = Debug|Any CPU
		{BA1FFB6A-A747-47A7-B49A-0C8FB0EEF462}.Release|Any CPU.ActiveCfg = Release|Any CPU
		{BA1FFB6A-A747-47A7-B49A-0C8FB0EEF462}.Release|Any CPU.Build.0 = Release|Any CPU
	EndGlobalSection
	GlobalSection(SolutionProperties) = preSolution
		HideSolutionNode = FALSE
	EndGlobalSection
	GlobalSection(ExtensibilityGlobals) = postSolution
		SolutionGuid = {A4F286F9-7A81-43DC-8748-54BC251B8B5A}
	EndGlobalSection
EndGlobal
